
Microsoft Visual Studio Solution File, Format Version 12.00
# Visual Studio Version 17
VisualStudioVersion = 17.0.31903.59
MinimumVisualStudioVersion = 10.0.40219.1
Project("{FAE04EC0-301F-11D3-BF4B-00C04F79EFBC}") = "ClinicConsoleApp", "ClinicConsoleApp\ClinicConsoleApp.csproj", "{B1BA4527-9D46-43BB-BC22-9B6927213480}"
EndProject
Global
	GlobalSection(SolutionConfigurationPlatforms) = preSolution
		Debug|Any CPU = Debug|Any CPU
		Release|Any CPU = Release|Any CPU
	EndGlobalSection
	GlobalSection(ProjectConfigurationPlatforms) = postSolution
		{B1BA4527-9D46-43BB-BC22-9B6927213480}.Debug|Any CPU.ActiveCfg = Debug|Any CPU
		{B1BA4527-9D46-43BB-BC22-9B6927213480}.Debug|Any CPU.Build.0 = Debug|Any CPU
		{B1BA4527-9D46-43BB-BC22-9B6927213480}.Release|Any CPU.ActiveCfg = Release|Any CPU
		{B1BA4527-9D46-43BB-BC22-9B6927213480}.Release|Any CPU.Build.0 = Release|Any CPU
	EndGlobalSection
	GlobalSection(SolutionProperties) = preSolution
		HideSolutionNode = FALSE
	EndGlobalSection
	GlobalSection(ExtensibilityGlobals) = postSolution
		SolutionGuid = {707DD698-3760-44DB-8930-37E1617E5CD5}
	EndGlobalSection
EndGlobal
